
Microsoft Visual Studio Solution File, Format Version 12.00
# Visual Studio Version 17
VisualStudioVersion = 17.7.34018.315
MinimumVisualStudioVersion = 10.0.40219.1
Project("{9A19103F-16F7-4668-BE54-9A1E7A4F7556}") = "QuanLyDatDoAnAPI", "QuanLyDatDoAnAPI\QuanLyDatDoAnAPI.csproj", "{1E98223A-EFC4-43C2-BAA8-7C73A7F293F4}"
EndProject
Global
	GlobalSection(SolutionConfigurationPlatforms) = preSolution
		Debug|Any CPU = Debug|Any CPU
		Release|Any CPU = Release|Any CPU
	EndGlobalSection
	GlobalSection(ProjectConfigurationPlatforms) = postSolution
		{1E98223A-EFC4-43C2-BAA8-7C73A7F293F4}.Debug|Any CPU.ActiveCfg = Debug|Any CPU
		{1E98223A-EFC4-43C2-BAA8-7C73A7F293F4}.Debug|Any CPU.Build.0 = Debug|Any CPU
		{1E98223A-EFC4-43C2-BAA8-7C73A7F293F4}.Release|Any CPU.ActiveCfg = Release|Any CPU
		{1E98223A-EFC4-43C2-BAA8-7C73A7F293F4}.Release|Any CPU.Build.0 = Release|Any CPU
	EndGlobalSection
	GlobalSection(SolutionProperties) = preSolution
		HideSolutionNode = FALSE
	EndGlobalSection
	GlobalSection(ExtensibilityGlobals) = postSolution
		SolutionGuid = {2B22ADED-D24A-43DA-9107-CFC7050CABD0}
	EndGlobalSection
EndGlobal
